
Microsoft Visual Studio Solution File, Format Version 12.00
# Visual Studio Version 16
VisualStudioVersion = 16.0.30320.27
MinimumVisualStudioVersion = 10.0.40219.1
Project("{FAE04EC0-301F-11D3-BF4B-00C04F79EFBC}") = "ex2", "ex2\ex2.csproj", "{AD3E1CC3-8473-48F5-8734-05A45E0F9D22}"
EndProject
Global
	GlobalSection(SolutionConfigurationPlatforms) = preSolution
		Debug|Any CPU = Debug|Any CPU
		Release|Any CPU = Release|Any CPU
	EndGlobalSection
	GlobalSection(ProjectConfigurationPlatforms) = postSolution
		{AD3E1CC3-8473-48F5-8734-05A45E0F9D22}.Debug|Any CPU.ActiveCfg = Debug|Any CPU
		{AD3E1CC3-8473-48F5-8734-05A45E0F9D22}.Debug|Any CPU.Build.0 = Debug|Any CPU
		{AD3E1CC3-8473-48F5-8734-05A45E0F9D22}.Release|Any CPU.ActiveCfg = Release|Any CPU
		{AD3E1CC3-8473-48F5-8734-05A45E0F9D22}.Release|Any CPU.Build.0 = Release|Any CPU
	EndGlobalSection
	GlobalSection(SolutionProperties) = preSolution
		HideSolutionNode = FALSE
	EndGlobalSection
	GlobalSection(ExtensibilityGlobals) = postSolution
		SolutionGuid = {9EB73EB0-9CBF-48F1-A799-ABD8C81917D2}
	EndGlobalSection
EndGlobal
